
Microsoft Visual Studio Solution File, Format Version 12.00
# Visual Studio Version 17
VisualStudioVersion = 17.7.34031.279
MinimumVisualStudioVersion = 10.0.40219.1
Project("{FAE04EC0-301F-11D3-BF4B-00C04F79EFBC}") = "JCb_Ejercicio4", "JCb_Ejercicio4.csproj", "{5DE632C0-E747-4169-8A12-4639CB187F7F}"
EndProject
Global
	GlobalSection(SolutionConfigurationPlatforms) = preSolution
		Debug|Any CPU = Debug|Any CPU
		Release|Any CPU = Release|Any CPU
	EndGlobalSection
	GlobalSection(ProjectConfigurationPlatforms) = postSolution
		{5DE632C0-E747-4169-8A12-4639CB187F7F}.Debug|Any CPU.ActiveCfg = Debug|Any CPU
		{5DE632C0-E747-4169-8A12-4639CB187F7F}.Debug|Any CPU.Build.0 = Debug|Any CPU
		{5DE632C0-E747-4169-8A12-4639CB187F7F}.Release|Any CPU.ActiveCfg = Release|Any CPU
		{5DE632C0-E747-4169-8A12-4639CB187F7F}.Release|Any CPU.Build.0 = Release|Any CPU
	EndGlobalSection
	GlobalSection(SolutionProperties) = preSolution
		HideSolutionNode = FALSE
	EndGlobalSection
	GlobalSection(ExtensibilityGlobals) = postSolution
		SolutionGuid = {E246ABA1-7FE5-4102-B182-1444AD4070B9}
	EndGlobalSection
EndGlobal
